
Microsoft Visual Studio Solution File, Format Version 12.00
# Visual Studio 15
VisualStudioVersion = 15.0.28307.329
MinimumVisualStudioVersion = 10.0.40219.1
Project("{8BC9CEB8-8B4A-11D0-8D11-00A0C91BC942}") = "loader_core", "loader_core\loader_core.vcxproj", "{024CCE36-7DE3-4ACC-80E6-EF25F9894C11}"
EndProject
Global
	GlobalSection(SolutionConfigurationPlatforms) = preSolution
		Debug|x64 = Debug|x64
		Debug|x86 = Debug|x86
		Release|x64 = Release|x64
		Release|x86 = Release|x86
	EndGlobalSection
	GlobalSection(ProjectConfigurationPlatforms) = postSolution
		{024CCE36-7DE3-4ACC-80E6-EF25F9894C11}.Debug|x64.ActiveCfg = Debug|x64
		{024CCE36-7DE3-4ACC-80E6-EF25F9894C11}.Debug|x64.Build.0 = Debug|x64
		{024CCE36-7DE3-4ACC-80E6-EF25F9894C11}.Debug|x86.ActiveCfg = Debug|Win32
		{024CCE36-7DE3-4ACC-80E6-EF25F9894C11}.Debug|x86.Build.0 = Debug|Win32
		{024CCE36-7DE3-4ACC-80E6-EF25F9894C11}.Release|x64.ActiveCfg = Release|x64
		{024CCE36-7DE3-4ACC-80E6-EF25F9894C11}.Release|x64.Build.0 = Release|x64
		{024CCE36-7DE3-4ACC-80E6-EF25F9894C11}.Release|x86.ActiveCfg = Release|Win32
		{024CCE36-7DE3-4ACC-80E6-EF25F9894C11}.Release|x86.Build.0 = Release|Win32
	EndGlobalSection
	GlobalSection(SolutionProperties) = preSolution
		HideSolutionNode = FALSE
	EndGlobalSection
	GlobalSection(ExtensibilityGlobals) = postSolution
		SolutionGuid = {34D8D1A4-06F2-4F24-9BA6-2B8C41FCA92E}
	EndGlobalSection
EndGlobal
